{
  "name": "bufio",
  "version": "1.2.3",
  "lockfileVersion": 3,
  "requires": true,
  "packages": {
    "": {
      "name": "bufio",
      "version": "1.2.3",
      "license": "MIT",
      "devDependencies": {
        "bmocha": "^2.2.1",
        "bts-type-deps": "^0.0.3"
      },
      "engines": {
        "node": ">=8.0.0"
      }
    },
    "node_modules/bmocha": {
      "version": "2.2.1",
      "resolved": "https://registry.npmjs.org/bmocha/-/bmocha-2.2.1.tgz",
      "integrity": "sha512-gzyrUTo5ZnPHk2I45E2iO9z4HAVYIfGepJQ4DaXU1pSi4lI2dsPadAdnKSj3cJjnzX3yDxQdGyrc3HNH5bUEfw==",
      "dev": true,
      "license": "MIT",
      "bin": {
        "_bmocha": "bin/_bmocha",
        "bmocha": "bin/bmocha"
      },
      "engines": {
        "node": ">=8.0.0"
      }
    },
    "node_modules/bts-type-deps": {
      "version": "0.0.3",
      "resolved": "https://registry.npmjs.org/bts-type-deps/-/bts-type-deps-0.0.3.tgz",
      "integrity": "sha512-OQHGWhX5amae6Vj6ShlGaQu0sNCICgJ5YspNZPRzfR5RobrD+wjm5vkZK/J3EH5b/ymxqSWo9VkiFNpCxjaG2Q==",
      "dev": true
    }
  }
}
