{
  "name": "bufio",
  "version": "1.0.7",
  "lockfileVersion": 3,
  "requires": true,
  "packages": {
    "": {
      "name": "bufio",
      "version": "1.0.7",
      "license": "MIT",
      "devDependencies": {
        "bmocha": "^2.1.0"
      },
      "engines": {
        "node": ">=8.0.0"
      }
    },
    "node_modules/bmocha": {
      "version": "2.1.8",
      "resolved": "https://registry.npmjs.org/bmocha/-/bmocha-2.1.8.tgz",
      "integrity": "sha512-bog23Ckl9lRyBxrsi4FmX1rTz4d1WhHRpIA+q2lpoiXmNuroMHr1JUOU5sPiMZwvhLCxqffvWv3xCJC7PC126w==",
      "dev": true,
      "bin": {
        "_bmocha": "bin/_bmocha",
        "bmocha": "bin/bmocha"
      },
      "engines": {
        "node": ">=8.0.0"
      }
    }
  }
}
